
Microsoft Visual Studio Solution File, Format Version 12.00
# Visual Studio 15
VisualStudioVersion = 15.0.28307.421
MinimumVisualStudioVersion = 10.0.40219.1
Project("{FAE04EC0-301F-11D3-BF4B-00C04F79EFBC}") = "网上图书销售管理系统", "网上图书销售管理系统\网上图书销售管理系统.csproj", "{7E0574B0-0BE4-4ADC-96A6-BEAA9A671F34}"
EndProject
Global
	GlobalSection(SolutionConfigurationPlatforms) = preSolution
		Debug|Any CPU = Debug|Any CPU
		Release|Any CPU = Release|Any CPU
	EndGlobalSection
	GlobalSection(ProjectConfigurationPlatforms) = postSolution
		{7E0574B0-0BE4-4ADC-96A6-BEAA9A671F34}.Debug|Any CPU.ActiveCfg = Debug|Any CPU
		{7E0574B0-0BE4-4ADC-96A6-BEAA9A671F34}.Debug|Any CPU.Build.0 = Debug|Any CPU
		{7E0574B0-0BE4-4ADC-96A6-BEAA9A671F34}.Release|Any CPU.ActiveCfg = Release|Any CPU
		{7E0574B0-0BE4-4ADC-96A6-BEAA9A671F34}.Release|Any CPU.Build.0 = Release|Any CPU
	EndGlobalSection
	GlobalSection(SolutionProperties) = preSolution
		HideSolutionNode = FALSE
	EndGlobalSection
	GlobalSection(ExtensibilityGlobals) = postSolution
		SolutionGuid = {12679780-A1C2-432C-BDA7-8ABBFD798C2B}
	EndGlobalSection
EndGlobal
